
Microsoft Visual Studio Solution File, Format Version 12.00
# Visual Studio Version 16
VisualStudioVersion = 16.0.28729.10
MinimumVisualStudioVersion = 10.0.40219.1
Project("{151D2E53-A2C4-4D7D-83FE-D05416EBD58E}") = "SAPARMAzureResourceGroup", "SAPARMAzureResourceGroup\SAPARMAzureResourceGroup.deployproj", "{BC4A3139-AEE9-4CCE-8CD1-05A86B74AD63}"
EndProject
Global
	GlobalSection(SolutionConfigurationPlatforms) = preSolution
		Debug|Any CPU = Debug|Any CPU
		Release|Any CPU = Release|Any CPU
	EndGlobalSection
	GlobalSection(ProjectConfigurationPlatforms) = postSolution
		{BC4A3139-AEE9-4CCE-8CD1-05A86B74AD63}.Debug|Any CPU.ActiveCfg = Debug|Any CPU
		{BC4A3139-AEE9-4CCE-8CD1-05A86B74AD63}.Debug|Any CPU.Build.0 = Debug|Any CPU
		{BC4A3139-AEE9-4CCE-8CD1-05A86B74AD63}.Release|Any CPU.ActiveCfg = Release|Any CPU
		{BC4A3139-AEE9-4CCE-8CD1-05A86B74AD63}.Release|Any CPU.Build.0 = Release|Any CPU
	EndGlobalSection
	GlobalSection(SolutionProperties) = preSolution
		HideSolutionNode = FALSE
	EndGlobalSection
	GlobalSection(ExtensibilityGlobals) = postSolution
		SolutionGuid = {3FD4CDC1-AD29-4E9B-948A-AA71C472EC01}
	EndGlobalSection
EndGlobal
